// !$*UTF8*$!
{
	archiveVersion = 1;
	classes = {
	};
	objectVersion = 46;
	objects = {

/* Begin PBXBuildFile section */
		68ADC9BD1AEE5B83008CA17A /* AppDelegate.swift in Sources */ = {isa = PBXBuildFile; fileRef = 68ADC9BC1AEE5B83008CA17A /* AppDelegate.swift */; };
		68ADC9BF1AEE5B83008CA17A /* ViewController.swift in Sources */ = {isa = PBXBuildFile; fileRef = 68ADC9BE1AEE5B83008CA17A /* ViewController.swift */; };
		68ADC9C21AEE5B83008CA17A /* Main.storyboard in Resources */ = {isa = PBXBuildFile; fileRef = 68ADC9C01AEE5B83008CA17A /* Main.storyboard */; };
		68ADC9C41AEE5B83008CA17A /* Images.xcassets in Resources */ = {isa = PBXBuildFile; fileRef = 68ADC9C31AEE5B83008CA17A /* Images.xcassets */; };
		68ADC9C71AEE5B83008CA17A /* LaunchScreen.xib in Resources */ = {isa = PBXBuildFile; fileRef = 68ADC9C51AEE5B83008CA17A /* LaunchScreen.xib */; };
		68ADC9D31AEE5B83008CA17A /* SchoolFanfaleViewerTests.swift in Sources */ = {isa = PBXBuildFile; fileRef = 68ADC9D21AEE5B83008CA17A /* SchoolFanfaleViewerTests.swift */; };
/* End PBXBuildFile section */

/* Begin PBXContainerItemProxy section */
		68ADC9CD1AEE5B83008CA17A /* PBXContainerItemProxy */ = {
			isa = PBXContainerItemProxy;
			containerPortal = 68ADC9AF1AEE5B83008CA17A /* Project object */;
			proxyType = 1;
			remoteGlobalIDString = 68ADC9B61AEE5B83008CA17A;
			remoteInfo = SchoolFanfaleViewer;
		};
/* End PBXContainerItemProxy section */

/* Begin PBXFileReference section */
		68ADC9B71AEE5B83008CA17A /* SchoolFanfaleViewer.app */ = {isa = PBXFileReference; explicitFileType = wrapper.application; includeInIndex = 0; path = SchoolFanfaleViewer.app; sourceTree = BUILT_PRODUCTS_DIR; };
		68ADC9BB1AEE5B83008CA17A /* Info.plist */ = {isa = PBXFileReference; lastKnownFileType = text.plist.xml; path = Info.plist; sourceTree = "<group>"; };
		68ADC9BC1AEE5B83008CA17A /* AppDelegate.swift */ = {isa = PBXFileReference; lastKnownFileType = sourcecode.swift; path = AppDelegate.swift; sourceTree = "<group>"; };
		68ADC9BE1AEE5B83008CA17A /* ViewController.swift */ = {isa = PBXFileReference; lastKnownFileType = sourcecode.swift; path = ViewController.swift; sourceTree = "<group>"; };
		68ADC9C11AEE5B83008CA17A /* Base */ = {isa = PBXFileReference; lastKnownFileType = file.storyboard; name = Base; path = Base.lproj/Main.storyboard; sourceTree = "<group>"; };
		68ADC9C31AEE5B83008CA17A /* Images.xcassets */ = {isa = PBXFileReference; lastKnownFileType = folder.assetcatalog; path = Images.xcassets; sourceTree = "<group>"; };
		68ADC9C61AEE5B83008CA17A /* Base */ = {isa = PBXFileReference; lastKnownFileType = file.xib; name = Base; path = Base.lproj/LaunchScreen.xib; sourceTree = "<group>"; };
		68ADC9CC1AEE5B83008CA17A /* SchoolFanfaleViewerTests.xctest */ = {isa = PBXFileReference; explicitFileType = wrapper.cfbundle; includeInIndex = 0; path = SchoolFanfaleViewerTests.xctest; sourceTree = BUILT_PRODUCTS_DIR; };
		68ADC9D11AEE5B83008CA17A /* Info.plist */ = {isa = PBXFileReference; lastKnownFileType = text.plist.xml; path = Info.plist; sourceTree = "<group>"; };
		68ADC9D21AEE5B83008CA17A /* SchoolFanfaleViewerTests.swift */ = {isa = PBXFileReference; lastKnownFileType = sourcecode.swift; path = SchoolFanfaleViewerTests.swift; sourceTree = "<group>"; };
/* End PBXFileReference section */

/* Begin PBXFrameworksBuildPhase section */
		68ADC9B41AEE5B83008CA17A /* Frameworks */ = {
			isa = PBXFrameworksBuildPhase;
			buildActionMask = 2147483647;
			files = (
			);
			runOnlyForDeploymentPostprocessing = 0;
		};
		68ADC9C91AEE5B83008CA17A /* Frameworks */ = {
			isa = PBXFrameworksBuildPhase;
			buildActionMask = 2147483647;
			files = (
			);
			runOnlyForDeploymentPostprocessing = 0;
		};
/* End PBXFrameworksBuildPhase section */

/* Begin PBXGroup section */
		68ADC9AE1AEE5B83008CA17A = {
			isa = PBXGroup;
			children = (
				68ADC9B91AEE5B83008CA17A /* SchoolFanfaleViewer */,
				68ADC9CF1AEE5B83008CA17A /* SchoolFanfaleViewerTests */,
				68ADC9B81AEE5B83008CA17A /* Products */,
			);
			sourceTree = "<group>";
		};
		68ADC9B81AEE5B83008CA17A /* Products */ = {
			isa = PBXGroup;
			children = (
				68ADC9B71AEE5B83008CA17A /* SchoolFanfaleViewer.app */,
				68ADC9CC1AEE5B83008CA17A /* SchoolFanfaleViewerTests.xctest */,
			);
			name = Products;
			sourceTree = "<group>";
		};
		68ADC9B91AEE5B83008CA17A /* SchoolFanfaleViewer */ = {
			isa = PBXGroup;
			children = (
				68ADC9BC1AEE5B83008CA17A /* AppDelegate.swift */,
				68ADC9BE1AEE5B83008CA17A /* ViewController.swift */,
				68ADC9C01AEE5B83008CA17A /* Main.storyboard */,
				68ADC9C31AEE5B83008CA17A /* Images.xcassets */,
				68ADC9C51AEE5B83008CA17A /* LaunchScreen.xib */,
				68ADC9BA1AEE5B83008CA17A /* Supporting Files */,
			);
			path = SchoolFanfaleViewer;
			sourceTree = "<group>";
		};
		68ADC9BA1AEE5B83008CA17A /* Supporting Files */ = {
			isa = PBXGroup;
			children = (
				68ADC9BB1AEE5B83008CA17A /* Info.plist */,
			);
			name = "Supporting Files";
			sourceTree = "<group>";
		};
		68ADC9CF1AEE5B83008CA17A /* SchoolFanfaleViewerTests */ = {
			isa = PBXGroup;
			children = (
				68ADC9D21AEE5B83008CA17A /* SchoolFanfaleViewerTests.swift */,
				68ADC9D01AEE5B83008CA17A /* Supporting Files */,
			);
			path = SchoolFanfaleViewerTests;
			sourceTree = "<group>";
		};
		68ADC9D01AEE5B83008CA17A /* Supporting Files */ = {
			isa = PBXGroup;
			children = (
				68ADC9D11AEE5B83008CA17A /* Info.plist */,
			);
			name = "Supporting Files";
			sourceTree = "<group>";
		};
/* End PBXGroup section */

/* Begin PBXNativeTarget section */
		68ADC9B61AEE5B83008CA17A /* SchoolFanfaleViewer */ = {
			isa = PBXNativeTarget;
			buildConfigurationList = 68ADC9D61AEE5B83008CA17A /* Build configuration list for PBXNativeTarget "SchoolFanfaleViewer" */;
			buildPhases = (
				68ADC9B31AEE5B83008CA17A /* Sources */,
				68ADC9B41AEE5B83008CA17A /* Frameworks */,
				68ADC9B51AEE5B83008CA17A /* Resources */,
			);
			buildRules = (
			);
			dependencies = (
			);
			name = SchoolFanfaleViewer;
			productName = SchoolFanfaleViewer;
			productReference = 68ADC9B71AEE5B83008CA17A /* SchoolFanfaleViewer.app */;
			productType = "com.apple.product-type.application";
		};
		68ADC9CB1AEE5B83008CA17A /* SchoolFanfaleViewerTests */ = {
			isa = PBXNativeTarget;
			buildConfigurationList = 68ADC9D91AEE5B83008CA17A /* Build configuration list for PBXNativeTarget "SchoolFanfaleViewerTests" */;
			buildPhases = (
				68ADC9C81AEE5B83008CA17A /* Sources */,
				68ADC9C91AEE5B83008CA17A /* Frameworks */,
				68ADC9CA1AEE5B83008CA17A /* Resources */,
			);
			buildRules = (
			);
			dependencies = (
				68ADC9CE1AEE5B83008CA17A /* PBXTargetDependency */,
			);
			name = SchoolFanfaleViewerTests;
			productName = SchoolFanfaleViewerTests;
			productReference = 68ADC9CC1AEE5B83008CA17A /* SchoolFanfaleViewerTests.xctest */;
			productType = "com.apple.product-type.bundle.unit-test";
		};
/* End PBXNativeTarget section */

/* Begin PBXProject section */
		68ADC9AF1AEE5B83008CA17A /* Project object */ = {
			isa = PBXProject;
			attributes = {
				LastUpgradeCheck = 0630;
				ORGANIZATIONNAME = "Naoki Hanakawa";
				TargetAttributes = {
					68ADC9B61AEE5B83008CA17A = {
						CreatedOnToolsVersion = 6.3.1;
					};
					68ADC9CB1AEE5B83008CA17A = {
						CreatedOnToolsVersion = 6.3.1;
						TestTargetID = 68ADC9B61AEE5B83008CA17A;
					};
				};
			};
			buildConfigurationList = 68ADC9B21AEE5B83008CA17A /* Build configuration list for PBXProject "SchoolFanfaleViewer" */;
			compatibilityVersion = "Xcode 3.2";
			developmentRegion = English;
			hasScannedForEncodings = 0;
			knownRegions = (
				en,
				Base,
			);
			mainGroup = 68ADC9AE1AEE5B83008CA17A;
			productRefGroup = 68ADC9B81AEE5B83008CA17A /* Products */;
			projectDirPath = "";
			projectRoot = "";
			targets = (
				68ADC9B61AEE5B83008CA17A /* SchoolFanfaleViewer */,
				68ADC9CB1AEE5B83008CA17A /* SchoolFanfaleViewerTests */,
			);
		};
/* End PBXProject section */

/* Begin PBXResourcesBuildPhase section */
		68ADC9B51AEE5B83008CA17A /* Resources */ = {
			isa = PBXResourcesBuildPhase;
			buildActionMask = 2147483647;
			files = (
				68ADC9C21AEE5B83008CA17A /* Main.storyboard in Resources */,
				68ADC9C71AEE5B83008CA17A /* LaunchScreen.xib in Resources */,
				68ADC9C41AEE5B83008CA17A /* Images.xcassets in Resources */,
			);
			runOnlyForDeploymentPostprocessing = 0;
		};
		68ADC9CA1AEE5B83008CA17A /* Resources */ = {
			isa = PBXResourcesBuildPhase;
			buildActionMask = 2147483647;
			files = (
			);
			runOnlyForDeploymentPostprocessing = 0;
		};
/* End PBXResourcesBuildPhase section */

/* Begin PBXSourcesBuildPhase section */
		68ADC9B31AEE5B83008CA17A /* Sources */ = {
			isa = PBXSourcesBuildPhase;
			buildActionMask = 2147483647;
			files = (
				68ADC9BF1AEE5B83008CA17A /* ViewController.swift in Sources */,
				68ADC9BD1AEE5B83008CA17A /* AppDelegate.swift in Sources */,
			);
			runOnlyForDeploymentPostprocessing = 0;
		};
		68ADC9C81AEE5B83008CA17A /* Sources */ = {
			isa = PBXSourcesBuildPhase;
			buildActionMask = 2147483647;
			files = (
				68ADC9D31AEE5B83008CA17A /* SchoolFanfaleViewerTests.swift in Sources */,
			);
			runOnlyForDeploymentPostprocessing = 0;
		};
/* End PBXSourcesBuildPhase section */

/* Begin PBXTargetDependency section */
		68ADC9CE1AEE5B83008CA17A /* PBXTargetDependency */ = {
			isa = PBXTargetDependency;
			target = 68ADC9B61AEE5B83008CA17A /* SchoolFanfaleViewer */;
			targetProxy = 68ADC9CD1AEE5B83008CA17A /* PBXContainerItemProxy */;
		};
/* End PBXTargetDependency section */

/* Begin PBXVariantGroup section */
		68ADC9C01AEE5B83008CA17A /* Main.storyboard */ = {
			isa = PBXVariantGroup;
			children = (
				68ADC9C11AEE5B83008CA17A /* Base */,
			);
			name = Main.storyboard;
			sourceTree = "<group>";
		};
		68ADC9C51AEE5B83008CA17A /* LaunchScreen.xib */ = {
			isa = PBXVariantGroup;
			children = (
				68ADC9C61AEE5B83008CA17A /* Base */,
			);
			name = LaunchScreen.xib;
			sourceTree = "<group>";
		};
/* End PBXVariantGroup section */

/* Begin XCBuildConfiguration section */
		68ADC9D41AEE5B83008CA17A /* Debug */ = {
			isa = XCBuildConfiguration;
			buildSettings = {
				ALWAYS_SEARCH_USER_PATHS = NO;
				CLANG_CXX_LANGUAGE_STANDARD = "gnu++0x";
				CLANG_CXX_LIBRARY = "libc++";
				CLANG_ENABLE_MODULES = YES;
				CLANG_ENABLE_OBJC_ARC = YES;
				CLANG_WARN_BOOL_CONVERSION = YES;
				CLANG_WARN_CONSTANT_CONVERSION = YES;
				CLANG_WARN_DIRECT_OBJC_ISA_USAGE = YES_ERROR;
				CLANG_WARN_EMPTY_BODY = YES;
				CLANG_WARN_ENUM_CONVERSION = YES;
				CLANG_WARN_INT_CONVERSION = YES;
				CLANG_WARN_OBJC_ROOT_CLASS = YES_ERROR;
				CLANG_WARN_UNREACHABLE_CODE = YES;
				CLANG_WARN__DUPLICATE_METHOD_MATCH = YES;
				"CODE_SIGN_IDENTITY[sdk=iphoneos*]" = "iPhone Developer";
				COPY_PHASE_STRIP = NO;
				DEBUG_INFORMATION_FORMAT = "dwarf-with-dsym";
				ENABLE_STRICT_OBJC_MSGSEND = YES;
				GCC_C_LANGUAGE_STANDARD = gnu99;
				GCC_DYNAMIC_NO_PIC = NO;
				GCC_NO_COMMON_BLOCKS = YES;
				GCC_OPTIMIZATION_LEVEL = 0;
				GCC_PREPROCESSOR_DEFINITIONS = (
					"DEBUG=1",
					"$(inherited)",
				);
				GCC_SYMBOLS_PRIVATE_EXTERN = NO;
				GCC_WARN_64_TO_32_BIT_CONVERSION = YES;
				GCC_WARN_ABOUT_RETURN_TYPE = YES_ERROR;
				GCC_WARN_UNDECLARED_SELECTOR = YES;
				GCC_WARN_UNINITIALIZED_AUTOS = YES_AGGRESSIVE;
				GCC_WARN_UNUSED_FUNCTION = YES;
				GCC_WARN_UNUSED_VARIABLE = YES;
				IPHONEOS_DEPLOYMENT_TARGET = 8.3;
				MTL_ENABLE_DEBUG_INFO = YES;
				ONLY_ACTIVE_ARCH = YES;
				SDKROOT = iphoneos;
				SWIFT_OPTIMIZATION_LEVEL = "-Onone";
			};
			name = Debug;
		};
		68ADC9D51AEE5B83008CA17A /* Release */ = {
			isa = XCBuildConfiguration;
			buildSettings = {
				ALWAYS_SEARCH_USER_PATHS = NO;
				CLANG_CXX_LANGUAGE_STANDARD = "gnu++0x";
				CLANG_CXX_LIBRARY = "libc++";
				CLANG_ENABLE_MODULES = YES;
				CLANG_ENABLE_OBJC_ARC = YES;
				CLANG_WARN_BOOL_CONVERSION = YES;
				CLANG_WARN_CONSTANT_CONVERSION = YES;
				CLANG_WARN_DIRECT_OBJC_ISA_USAGE = YES_ERROR;
				CLANG_WARN_EMPTY_BODY = YES;
				CLANG_WARN_ENUM_CONVERSION = YES;
				CLANG_WARN_INT_CONVERSION = YES;
				CLANG_WARN_OBJC_ROOT_CLASS = YES_ERROR;
				CLANG_WARN_UNREACHABLE_CODE = YES;
				CLANG_WARN__DUPLICATE_METHOD_MATCH = YES;
				"CODE_SIGN_IDENTITY[sdk=iphoneos*]" = "iPhone Developer";
				COPY_PHASE_STRIP = NO;
				DEBUG_INFORMATION_FORMAT = "dwarf-with-dsym";
				ENABLE_NS_ASSERTIONS = NO;
				ENABLE_STRICT_OBJC_MSGSEND = YES;
				GCC_C_LANGUAGE_STANDARD = gnu99;
				GCC_NO_COMMON_BLOCKS = YES;
				GCC_WARN_64_TO_32_BIT_CONVERSION = YES;
				GCC_WARN_ABOUT_RETURN_TYPE = YES_ERROR;
				GCC_WARN_UNDECLARED_SELECTOR = YES;
				GCC_WARN_UNINITIALIZED_AUTOS = YES_AGGRESSIVE;
				GCC_WARN_UNUSED_FUNCTION = YES;
				GCC_WARN_UNUSED_VARIABLE = YES;
				IPHONEOS_DEPLOYMENT_TARGET = 8.3;
				MTL_ENABLE_DEBUG_INFO = NO;
				SDKROOT = iphoneos;
				VALIDATE_PRODUCT = YES;
			};
			name = Release;
		};
		68ADC9D71AEE5B83008CA17A /* Debug */ = {
			isa = XCBuildConfiguration;
			buildSettings = {
				ASSETCATALOG_COMPILER_APPICON_NAME = AppIcon;
				INFOPLIST_FILE = SchoolFanfaleViewer/Info.plist;
				LD_RUNPATH_SEARCH_PATHS = "$(inherited) @executable_path/Frameworks";
				PRODUCT_NAME = "$(TARGET_NAME)";
			};
			name = Debug;
		};
		68ADC9D81AEE5B83008CA17A /* Release */ = {
			isa = XCBuildConfiguration;
			buildSettings = {
				ASSETCATALOG_COMPILER_APPICON_NAME = AppIcon;
				INFOPLIST_FILE = SchoolFanfaleViewer/Info.plist;
				LD_RUNPATH_SEARCH_PATHS = "$(inherited) @executable_path/Frameworks";
				PRODUCT_NAME = "$(TARGET_NAME)";
			};
			name = Release;
		};
		68ADC9DA1AEE5B83008CA17A /* Debug */ = {
			isa = XCBuildConfiguration;
			buildSettings = {
				BUNDLE_LOADER = "$(TEST_HOST)";
				FRAMEWORK_SEARCH_PATHS = (
					"$(SDKROOT)/Developer/Library/Frameworks",
					"$(inherited)",
				);
				GCC_PREPROCESSOR_DEFINITIONS = (
					"DEBUG=1",
					"$(inherited)",
				);
				INFOPLIST_FILE = SchoolFanfaleViewerTests/Info.plist;
				LD_RUNPATH_SEARCH_PATHS = "$(inherited) @executable_path/Frameworks @loader_path/Frameworks";
				PRODUCT_NAME = "$(TARGET_NAME)";
				TEST_HOST = "$(BUILT_PRODUCTS_DIR)/SchoolFanfaleViewer.app/SchoolFanfaleViewer";
			};
			name = Debug;
		};
		68ADC9DB1AEE5B83008CA17A /* Release */ = {
			isa = XCBuildConfiguration;
			buildSettings = {
				BUNDLE_LOADER = "$(TEST_HOST)";
				FRAMEWORK_SEARCH_PATHS = (
					"$(SDKROOT)/Developer/Library/Frameworks",
					"$(inherited)",
				);
				INFOPLIST_FILE = SchoolFanfaleViewerTests/Info.plist;
				LD_RUNPATH_SEARCH_PATHS = "$(inherited) @executable_path/Frameworks @loader_path/Frameworks";
				PRODUCT_NAME = "$(TARGET_NAME)";
				TEST_HOST = "$(BUILT_PRODUCTS_DIR)/SchoolFanfaleViewer.app/SchoolFanfaleViewer";
			};
			name = Release;
		};
/* End XCBuildConfiguration section */

/* Begin XCConfigurationList section */
		68ADC9B21AEE5B83008CA17A /* Build configuration list for PBXProject "SchoolFanfaleViewer" */ = {
			isa = XCConfigurationList;
			buildConfigurations = (
				68ADC9D41AEE5B83008CA17A /* Debug */,
				68ADC9D51AEE5B83008CA17A /* Release */,
			);
			defaultConfigurationIsVisible = 0;
			defaultConfigurationName = Release;
		};
		68ADC9D61AEE5B83008CA17A /* Build configuration list for PBXNativeTarget "SchoolFanfaleViewer" */ = {
			isa = XCConfigurationList;
			buildConfigurations = (
				68ADC9D71AEE5B83008CA17A /* Debug */,
				68ADC9D81AEE5B83008CA17A /* Release */,
			);
			defaultConfigurationIsVisible = 0;
			defaultConfigurationName = Release;
		};
		68ADC9D91AEE5B83008CA17A /* Build configuration list for PBXNativeTarget "SchoolFanfaleViewerTests" */ = {
			isa = XCConfigurationList;
			buildConfigurations = (
				68ADC9DA1AEE5B83008CA17A /* Debug */,
				68ADC9DB1AEE5B83008CA17A /* Release */,
			);
			defaultConfigurationIsVisible = 0;
			defaultConfigurationName = Release;
		};
/* End XCConfigurationList section */
	};
	rootObject = 68ADC9AF1AEE5B83008CA17A /* Project object */;
}
